// !$*UTF8*$!
{
	archiveVersion = 1;
	classes = {
	};
	objectVersion = 51;
	objects = {

/* Begin PBXBuildFile section */
		3D0087F324D9D1C000618844 /* Company.swift in Sources */ = {isa = PBXBuildFile; fileRef = 3D0087F224D9D1C000618844 /* Company.swift */; };
		3D0087F524D9F01600618844 /* LoginViewModelTests.swift in Sources */ = {isa = PBXBuildFile; fileRef = 3D0087F424D9F01600618844 /* LoginViewModelTests.swift */; };
		3D0518E124D5FC7A000A1E5A /* LoginViewController.swift in Sources */ = {isa = PBXBuildFile; fileRef = 3D0518E024D5FC7A000A1E5A /* LoginViewController.swift */; };
		3D0518E324D5FC8F000A1E5A /* LoginViewModel.swift in Sources */ = {isa = PBXBuildFile; fileRef = 3D0518E224D5FC8F000A1E5A /* LoginViewModel.swift */; };
		3D0518E524D601BC000A1E5A /* UIButton+RxHighlighted.swift in Sources */ = {isa = PBXBuildFile; fileRef = 3D0518E424D601BC000A1E5A /* UIButton+RxHighlighted.swift */; };
		3D0518EE24D603E4000A1E5A /* CountryNumberPickerViewController.swift in Sources */ = {isa = PBXBuildFile; fileRef = 3D0518E924D603E4000A1E5A /* CountryNumberPickerViewController.swift */; };
		3D0518EF24D603E4000A1E5A /* CountryCodePickerViewController.swift in Sources */ = {isa = PBXBuildFile; fileRef = 3D0518EA24D603E4000A1E5A /* CountryCodePickerViewController.swift */; };
		3D0518F924D60AE3000A1E5A /* UIButton+enabledColorBinder.swift in Sources */ = {isa = PBXBuildFile; fileRef = 3D0518F424D60AE2000A1E5A /* UIButton+enabledColorBinder.swift */; };
		3D0518FE24D60B81000A1E5A /* AppConstants.swift in Sources */ = {isa = PBXBuildFile; fileRef = 3D0518FD24D60B81000A1E5A /* AppConstants.swift */; };
		3D05190724D60D05000A1E5A /* UITextfield+rx+twoWayBind.swift in Sources */ = {isa = PBXBuildFile; fileRef = 3D05190324D60D05000A1E5A /* UITextfield+rx+twoWayBind.swift */; };
		3D0FA8CF24D55EE40023DB34 /* AppDelegate.swift in Sources */ = {isa = PBXBuildFile; fileRef = 3D0FA8CE24D55EE40023DB34 /* AppDelegate.swift */; };
		3D0FA8D124D55EE40023DB34 /* SceneDelegate.swift in Sources */ = {isa = PBXBuildFile; fileRef = 3D0FA8D024D55EE40023DB34 /* SceneDelegate.swift */; };
		3D0FA8D324D55EE40023DB34 /* ViewController.swift in Sources */ = {isa = PBXBuildFile; fileRef = 3D0FA8D224D55EE40023DB34 /* ViewController.swift */; };
		3D0FA8D624D55EE40023DB34 /* Main.storyboard in Resources */ = {isa = PBXBuildFile; fileRef = 3D0FA8D424D55EE40023DB34 /* Main.storyboard */; };
		3D0FA8D824D55EE50023DB34 /* Assets.xcassets in Resources */ = {isa = PBXBuildFile; fileRef = 3D0FA8D724D55EE50023DB34 /* Assets.xcassets */; };
		3D0FA8DB24D55EE50023DB34 /* LaunchScreen.storyboard in Resources */ = {isa = PBXBuildFile; fileRef = 3D0FA8D924D55EE50023DB34 /* LaunchScreen.storyboard */; };
		3D0FA8E624D55EE50023DB34 /* CarTrackCodeChallengeTests.swift in Sources */ = {isa = PBXBuildFile; fileRef = 3D0FA8E524D55EE50023DB34 /* CarTrackCodeChallengeTests.swift */; };
		3D1B66C124D5F8890040B5FE /* FloatingPlaceholderTextfieldView.xib in Resources */ = {isa = PBXBuildFile; fileRef = 3D1B66AB24D5F8880040B5FE /* FloatingPlaceholderTextfieldView.xib */; };
		3D1B66C224D5F8890040B5FE /* FloatingPlaceholderTextfieldView.swift in Sources */ = {isa = PBXBuildFile; fileRef = 3D1B66AC24D5F8880040B5FE /* FloatingPlaceholderTextfieldView.swift */; };
		3D1B66C724D5F8890040B5FE /* FloatingPasswordPlaceholderTextView.swift in Sources */ = {isa = PBXBuildFile; fileRef = 3D1B66B524D5F8890040B5FE /* FloatingPasswordPlaceholderTextView.swift */; };
		3D1B66C824D5F8890040B5FE /* FloatingPasswordPlaceholderTextView.xib in Resources */ = {isa = PBXBuildFile; fileRef = 3D1B66B624D5F8890040B5FE /* FloatingPasswordPlaceholderTextView.xib */; };
		3D84FE9024D5CB520088C33B /* DefaultUsers.plist in Resources */ = {isa = PBXBuildFile; fileRef = 3D84FE8F24D5CB520088C33B /* DefaultUsers.plist */; };
		3D972CBA24D6BA2A00E81751 /* DetailViewController.swift in Sources */ = {isa = PBXBuildFile; fileRef = 3D972CB924D6BA2A00E81751 /* DetailViewController.swift */; };
		3D972CBC24D6BA3E00E81751 /* DetailViewModel.swift in Sources */ = {isa = PBXBuildFile; fileRef = 3D972CBB24D6BA3E00E81751 /* DetailViewModel.swift */; };
		3D972CBE24D6BAD100E81751 /* DetailSectionModel.swift in Sources */ = {isa = PBXBuildFile; fileRef = 3D972CBD24D6BAD100E81751 /* DetailSectionModel.swift */; };
		3D972CC124D7093700E81751 /* ItemModelProtocol.swift in Sources */ = {isa = PBXBuildFile; fileRef = 3D972CC024D7093700E81751 /* ItemModelProtocol.swift */; };
		3D972CC724D70A2E00E81751 /* TableViewControllerRxAnimatedDatasources.swift in Sources */ = {isa = PBXBuildFile; fileRef = 3D972CC324D70A2E00E81751 /* TableViewControllerRxAnimatedDatasources.swift */; };
		3D972CC824D70A2E00E81751 /* UITableView+Reusable.swift in Sources */ = {isa = PBXBuildFile; fileRef = 3D972CC424D70A2E00E81751 /* UITableView+Reusable.swift */; };
		3D972CC924D70A2E00E81751 /* TableViewConfigurator.swift in Sources */ = {isa = PBXBuildFile; fileRef = 3D972CC524D70A2E00E81751 /* TableViewConfigurator.swift */; };
		3D972CCA24D70A2E00E81751 /* UIRefreshControl+.swift in Sources */ = {isa = PBXBuildFile; fileRef = 3D972CC624D70A2E00E81751 /* UIRefreshControl+.swift */; };
		3D972CD124D70AC200E81751 /* WebServiceError.swift in Sources */ = {isa = PBXBuildFile; fileRef = 3D972CCC24D70AC200E81751 /* WebServiceError.swift */; };
		3D972CD224D70AC200E81751 /* WebService.swift in Sources */ = {isa = PBXBuildFile; fileRef = 3D972CCD24D70AC200E81751 /* WebService.swift */; };
		3D972CD324D70AC200E81751 /* ResultResponse.swift in Sources */ = {isa = PBXBuildFile; fileRef = 3D972CCE24D70AC200E81751 /* ResultResponse.swift */; };
		3D972CD424D70AC200E81751 /* ErrorResponse.swift in Sources */ = {isa = PBXBuildFile; fileRef = 3D972CCF24D70AC200E81751 /* ErrorResponse.swift */; };
		3D972CD524D70AC200E81751 /* TargetType+Configuration.swift in Sources */ = {isa = PBXBuildFile; fileRef = 3D972CD024D70AC200E81751 /* TargetType+Configuration.swift */; };
		3D972CD724D7130A00E81751 /* Codable+Any.swift in Sources */ = {isa = PBXBuildFile; fileRef = 3D972CD624D7130A00E81751 /* Codable+Any.swift */; };
		3D972CD924D7140100E81751 /* DetailWebService.swift in Sources */ = {isa = PBXBuildFile; fileRef = 3D972CD824D7140100E81751 /* DetailWebService.swift */; };
		3D972CDB24D71BB000E81751 /* DetailAPI.swift in Sources */ = {isa = PBXBuildFile; fileRef = 3D972CDA24D71BB000E81751 /* DetailAPI.swift */; };
		3D972CDD24D722A900E81751 /* UserDetailTableViewCell.swift in Sources */ = {isa = PBXBuildFile; fileRef = 3D972CDC24D722A900E81751 /* UserDetailTableViewCell.swift */; };
		3D972CDF24D722BC00E81751 /* UserDetailTableViewCell.xib in Resources */ = {isa = PBXBuildFile; fileRef = 3D972CDE24D722BC00E81751 /* UserDetailTableViewCell.xib */; };
		3D972CE324D724C300E81751 /* UserDetail.swift in Sources */ = {isa = PBXBuildFile; fileRef = 3D972CE224D724C300E81751 /* UserDetail.swift */; };
		3D972CE624D7256300E81751 /* Address.swift in Sources */ = {isa = PBXBuildFile; fileRef = 3D972CE524D7256300E81751 /* Address.swift */; };
		3D972CEB24D72D4D00E81751 /* TableViewHandler.swift in Sources */ = {isa = PBXBuildFile; fileRef = 3D972CE824D72D4D00E81751 /* TableViewHandler.swift */; };
		3D972CF024D731A400E81751 /* MapViewController.swift in Sources */ = {isa = PBXBuildFile; fileRef = 3D972CEF24D731A400E81751 /* MapViewController.swift */; };
		3D972CF224D731BC00E81751 /* MapViewModel.swift in Sources */ = {isa = PBXBuildFile; fileRef = 3D972CF124D731BC00E81751 /* MapViewModel.swift */; };
		3D972CF624D7344D00E81751 /* VisualEffectBackgroundButtonView.xib in Resources */ = {isa = PBXBuildFile; fileRef = 3D972CF424D7344C00E81751 /* VisualEffectBackgroundButtonView.xib */; };
		3D972CF724D7344D00E81751 /* VisualEffectBackgroundButtonView.swift in Sources */ = {isa = PBXBuildFile; fileRef = 3D972CF524D7344C00E81751 /* VisualEffectBackgroundButtonView.swift */; };
		3DA9525024D560DA000172B3 /* R.generated.swift in Sources */ = {isa = PBXBuildFile; fileRef = 3DA9524F24D560DA000172B3 /* R.generated.swift */; };
		3DA9529824D58463000172B3 /* TableViewCellResponderWrapper.swift in Sources */ = {isa = PBXBuildFile; fileRef = 3DA9528024D58462000172B3 /* TableViewCellResponderWrapper.swift */; };
		3DA9529924D58463000172B3 /* ResponderWrapper.swift in Sources */ = {isa = PBXBuildFile; fileRef = 3DA9528124D58462000172B3 /* ResponderWrapper.swift */; };
		3DA9529A24D58463000172B3 /* ResponderViewProtocol.swift in Sources */ = {isa = PBXBuildFile; fileRef = 3DA9528224D58462000172B3 /* ResponderViewProtocol.swift */; };
		3DA9529B24D58463000172B3 /* ResponderViewHandler.swift in Sources */ = {isa = PBXBuildFile; fileRef = 3DA9528324D58462000172B3 /* ResponderViewHandler.swift */; };
		3DA9529C24D58463000172B3 /* InputError.swift in Sources */ = {isa = PBXBuildFile; fileRef = 3DA9528524D58462000172B3 /* InputError.swift */; };
		3DA9529D24D58463000172B3 /* InputObject.swift in Sources */ = {isa = PBXBuildFile; fileRef = 3DA9528724D58462000172B3 /* InputObject.swift */; };
		3DA952A124D58463000172B3 /* Animator.swift in Sources */ = {isa = PBXBuildFile; fileRef = 3DA9528D24D58462000172B3 /* Animator.swift */; };
		3DA952A224D58463000172B3 /* ModuleVC.swift in Sources */ = {isa = PBXBuildFile; fileRef = 3DA9528E24D58462000172B3 /* ModuleVC.swift */; };
		3DA952A324D58463000172B3 /* Router.swift in Sources */ = {isa = PBXBuildFile; fileRef = 3DA9528F24D58462000172B3 /* Router.swift */; };
		3DA952A424D58463000172B3 /* ModalTransition.swift in Sources */ = {isa = PBXBuildFile; fileRef = 3DA9529124D58462000172B3 /* ModalTransition.swift */; };
		3DA952A524D58463000172B3 /* Transition.swift in Sources */ = {isa = PBXBuildFile; fileRef = 3DA9529224D58462000172B3 /* Transition.swift */; };
		3DA952A624D58463000172B3 /* PushTransition.swift in Sources */ = {isa = PBXBuildFile; fileRef = 3DA9529324D58462000172B3 /* PushTransition.swift */; };
		3DA952A724D58463000172B3 /* BaseViewController.swift in Sources */ = {isa = PBXBuildFile; fileRef = 3DA9529524D58462000172B3 /* BaseViewController.swift */; };
		3DA952A824D58463000172B3 /* BaseViewModel.swift in Sources */ = {isa = PBXBuildFile; fileRef = 3DA9529624D58462000172B3 /* BaseViewModel.swift */; };
		3DA952A924D58463000172B3 /* SceneVC.swift in Sources */ = {isa = PBXBuildFile; fileRef = 3DA9529724D58462000172B3 /* SceneVC.swift */; };
		3DA952E024D58473000172B3 /* String+attributedBulletedText.swift in Sources */ = {isa = PBXBuildFile; fileRef = 3DA952B224D58472000172B3 /* String+attributedBulletedText.swift */; };
		3DA952E124D58473000172B3 /* String+Utilities.swift in Sources */ = {isa = PBXBuildFile; fileRef = 3DA952B324D58472000172B3 /* String+Utilities.swift */; };
		3DA952E224D58473000172B3 /* String+Alphanumerics.swift in Sources */ = {isa = PBXBuildFile; fileRef = 3DA952B424D58472000172B3 /* String+Alphanumerics.swift */; };
		3DA952E324D58473000172B3 /* String+Substring.swift in Sources */ = {isa = PBXBuildFile; fileRef = 3DA952B524D58472000172B3 /* String+Substring.swift */; };
		3DA952E424D58473000172B3 /* String+Phone.swift in Sources */ = {isa = PBXBuildFile; fileRef = 3DA952B624D58472000172B3 /* String+Phone.swift */; };
		3DA952E524D58473000172B3 /* String + Extension.swift in Sources */ = {isa = PBXBuildFile; fileRef = 3DA952B724D58472000172B3 /* String + Extension.swift */; };
		3DA952F824D58473000172B3 /* UIView+.swift in Sources */ = {isa = PBXBuildFile; fileRef = 3DA952D124D58472000172B3 /* UIView+.swift */; };
		3DA952F924D58473000172B3 /* Spinner.swift in Sources */ = {isa = PBXBuildFile; fileRef = 3DA952D324D58472000172B3 /* Spinner.swift */; };
		3DA952FA24D58473000172B3 /* UIViewExtension.swift in Sources */ = {isa = PBXBuildFile; fileRef = 3DA952D424D58472000172B3 /* UIViewExtension.swift */; };
		3DA952FB24D58473000172B3 /* UIView+Rx.swift in Sources */ = {isa = PBXBuildFile; fileRef = 3DA952D524D58472000172B3 /* UIView+Rx.swift */; };
		3DA952FC24D58473000172B3 /* UIView+fade.swift in Sources */ = {isa = PBXBuildFile; fileRef = 3DA952D624D58472000172B3 /* UIView+fade.swift */; };
		3DA952FF24D58473000172B3 /* UIResponder+.swift in Sources */ = {isa = PBXBuildFile; fileRef = 3DA952D924D58473000172B3 /* UIResponder+.swift */; };
		3DA9538024D585E1000172B3 /* BottomFadingPopupViewModel.swift in Sources */ = {isa = PBXBuildFile; fileRef = 3DA9531F24D585DF000172B3 /* BottomFadingPopupViewModel.swift */; };
		3DA9538124D585E1000172B3 /* BottomFadingPopupView.swift in Sources */ = {isa = PBXBuildFile; fileRef = 3DA9532024D585DF000172B3 /* BottomFadingPopupView.swift */; };
		3DA9538224D585E1000172B3 /* BottomFadingPopupView.xib in Resources */ = {isa = PBXBuildFile; fileRef = 3DA9532124D585E0000172B3 /* BottomFadingPopupView.xib */; };
		3DA953E024D58675000172B3 /* ViewReusable.swift in Sources */ = {isa = PBXBuildFile; fileRef = 3DA953C124D58674000172B3 /* ViewReusable.swift */; };
		3DA953EE24D58675000172B3 /* EmptyViewType.swift in Sources */ = {isa = PBXBuildFile; fileRef = 3DA953D224D58675000172B3 /* EmptyViewType.swift */; };
		3DA953EF24D58675000172B3 /* UIView+EmptyView.swift in Sources */ = {isa = PBXBuildFile; fileRef = 3DA953D324D58675000172B3 /* UIView+EmptyView.swift */; };
		3DA953F424D5870A000172B3 /* ViewCoderLoadable.swift in Sources */ = {isa = PBXBuildFile; fileRef = 3DA953F324D5870A000172B3 /* ViewCoderLoadable.swift */; };
		3DA953F824D58757000172B3 /* UIImage+systemName.swift in Sources */ = {isa = PBXBuildFile; fileRef = 3DA953F624D58757000172B3 /* UIImage+systemName.swift */; };
		3DA953F924D58757000172B3 /* UIImage+.swift in Sources */ = {isa = PBXBuildFile; fileRef = 3DA953F724D58757000172B3 /* UIImage+.swift */; };
		3DA953FF24D587D0000172B3 /* UIColor+Gradient.swift in Sources */ = {isa = PBXBuildFile; fileRef = 3DA953FC24D587D0000172B3 /* UIColor+Gradient.swift */; };
		3DA9540024D587D0000172B3 /* RadialGradientView.swift in Sources */ = {isa = PBXBuildFile; fileRef = 3DA953FD24D587D0000172B3 /* RadialGradientView.swift */; };
		3DA9540124D587D0000172B3 /* RadialGradientNavigationBar.swift in Sources */ = {isa = PBXBuildFile; fileRef = 3DA953FE24D587D0000172B3 /* RadialGradientNavigationBar.swift */; };
		3DA9540324D587EE000172B3 /* KeyboardVisibileAdjusterProtocol.swift in Sources */ = {isa = PBXBuildFile; fileRef = 3DA9540224D587EE000172B3 /* KeyboardVisibileAdjusterProtocol.swift */; };
		3DA9540524D58809000172B3 /* UIScrollView+.swift in Sources */ = {isa = PBXBuildFile; fileRef = 3DA9540424D58809000172B3 /* UIScrollView+.swift */; };
		3DA9540A24D58845000172B3 /* MainScene.swift in Sources */ = {isa = PBXBuildFile; fileRef = 3DA9540924D58845000172B3 /* MainScene.swift */; };
		3DA9540D24D58EA4000172B3 /* SqliteDatabaseManager.swift in Sources */ = {isa = PBXBuildFile; fileRef = 3DA9540C24D58EA4000172B3 /* SqliteDatabaseManager.swift */; };
		3DDCE31124D73FF2006A259A /* Address+MKAnnotation.swift in Sources */ = {isa = PBXBuildFile; fileRef = 3DDCE31024D73FF2006A259A /* Address+MKAnnotation.swift */; };
		5B8CDF3A36CB5AB83E50E995 /* Pods_CarTrackCodeChallenge.framework in Frameworks */ = {isa = PBXBuildFile; fileRef = 76C9348F4DD8A58662E0730C /* Pods_CarTrackCodeChallenge.framework */; };
		65CA8A6192F002BEDB3AB789 /* Pods_CarTrackCodeChallengeTests.framework in Frameworks */ = {isa = PBXBuildFile; fileRef = 7F20C64AF02822078ED66379 /* Pods_CarTrackCodeChallengeTests.framework */; };
/* End PBXBuildFile section */

/* Begin PBXContainerItemProxy section */
		3D0FA8E224D55EE50023DB34 /* PBXContainerItemProxy */ = {
			isa = PBXContainerItemProxy;
			containerPortal = 3D0FA8C324D55EE40023DB34 /* Project object */;
			proxyType = 1;
			remoteGlobalIDString = 3D0FA8CA24D55EE40023DB34;
			remoteInfo = CarTrackCodeChallenge;
		};
/* End PBXContainerItemProxy section */

/* Begin PBXFileReference section */
		0A8123FA101DB089B1DC035B /* Pods-CarTrackCodeChallenge.debug.xcconfig */ = {isa = PBXFileReference; includeInIndex = 1; lastKnownFileType = text.xcconfig; name = "Pods-CarTrackCodeChallenge.debug.xcconfig"; path = "Target Support Files/Pods-CarTrackCodeChallenge/Pods-CarTrackCodeChallenge.debug.xcconfig"; sourceTree = "<group>"; };
		3D0087F224D9D1C000618844 /* Company.swift */ = {isa = PBXFileReference; lastKnownFileType = sourcecode.swift; path = Company.swift; sourceTree = "<group>"; };
		3D0087F424D9F01600618844 /* LoginViewModelTests.swift */ = {isa = PBXFileReference; lastKnownFileType = sourcecode.swift; path = LoginViewModelTests.swift; sourceTree = "<group>"; };
		3D0518E024D5FC7A000A1E5A /* LoginViewController.swift */ = {isa = PBXFileReference; lastKnownFileType = sourcecode.swift; path = LoginViewController.swift; sourceTree = "<group>"; };
		3D0518E224D5FC8F000A1E5A /* LoginViewModel.swift */ = {isa = PBXFileReference; lastKnownFileType = sourcecode.swift; path = LoginViewModel.swift; sourceTree = "<group>"; };
		3D0518E424D601BC000A1E5A /* UIButton+RxHighlighted.swift */ = {isa = PBXFileReference; lastKnownFileType = sourcecode.swift; path = "UIButton+RxHighlighted.swift"; sourceTree = "<group>"; };
		3D0518E924D603E4000A1E5A /* CountryNumberPickerViewController.swift */ = {isa = PBXFileReference; fileEncoding = 4; lastKnownFileType = sourcecode.swift; path = CountryNumberPickerViewController.swift; sourceTree = "<group>"; };
		3D0518EA24D603E4000A1E5A /* CountryCodePickerViewController.swift */ = {isa = PBXFileReference; fileEncoding = 4; lastKnownFileType = sourcecode.swift; path = CountryCodePickerViewController.swift; sourceTree = "<group>"; };
		3D0518F424D60AE2000A1E5A /* UIButton+enabledColorBinder.swift */ = {isa = PBXFileReference; fileEncoding = 4; lastKnownFileType = sourcecode.swift; path = "UIButton+enabledColorBinder.swift"; sourceTree = "<group>"; };
		3D0518FD24D60B81000A1E5A /* AppConstants.swift */ = {isa = PBXFileReference; lastKnownFileType = sourcecode.swift; path = AppConstants.swift; sourceTree = "<group>"; };
		3D05190324D60D05000A1E5A /* UITextfield+rx+twoWayBind.swift */ = {isa = PBXFileReference; fileEncoding = 4; lastKnownFileType = sourcecode.swift; path = "UITextfield+rx+twoWayBind.swift"; sourceTree = "<group>"; };
		3D0FA8CB24D55EE40023DB34 /* CarTrackCodeChallenge.app */ = {isa = PBXFileReference; explicitFileType = wrapper.application; includeInIndex = 0; path = CarTrackCodeChallenge.app; sourceTree = BUILT_PRODUCTS_DIR; };
		3D0FA8CE24D55EE40023DB34 /* AppDelegate.swift */ = {isa = PBXFileReference; lastKnownFileType = sourcecode.swift; path = AppDelegate.swift; sourceTree = "<group>"; };
		3D0FA8D024D55EE40023DB34 /* SceneDelegate.swift */ = {isa = PBXFileReference; lastKnownFileType = sourcecode.swift; path = SceneDelegate.swift; sourceTree = "<group>"; };
		3D0FA8D224D55EE40023DB34 /* ViewController.swift */ = {isa = PBXFileReference; lastKnownFileType = sourcecode.swift; path = ViewController.swift; sourceTree = "<group>"; };
		3D0FA8D524D55EE40023DB34 /* Base */ = {isa = PBXFileReference; lastKnownFileType = file.storyboard; name = Base; path = Base.lproj/Main.storyboard; sourceTree = "<group>"; };
		3D0FA8D724D55EE50023DB34 /* Assets.xcassets */ = {isa = PBXFileReference; lastKnownFileType = folder.assetcatalog; path = Assets.xcassets; sourceTree = "<group>"; };
		3D0FA8DA24D55EE50023DB34 /* Base */ = {isa = PBXFileReference; lastKnownFileType = file.storyboard; name = Base; path = Base.lproj/LaunchScreen.storyboard; sourceTree = "<group>"; };
		3D0FA8DC24D55EE50023DB34 /* Info.plist */ = {isa = PBXFileReference; lastKnownFileType = text.plist.xml; path = Info.plist; sourceTree = "<group>"; };
		3D0FA8E124D55EE50023DB34 /* CarTrackCodeChallengeTests.xctest */ = {isa = PBXFileReference; explicitFileType = wrapper.cfbundle; includeInIndex = 0; path = CarTrackCodeChallengeTests.xctest; sourceTree = BUILT_PRODUCTS_DIR; };
		3D0FA8E524D55EE50023DB34 /* CarTrackCodeChallengeTests.swift */ = {isa = PBXFileReference; lastKnownFileType = sourcecode.swift; path = CarTrackCodeChallengeTests.swift; sourceTree = "<group>"; };
		3D0FA8E724D55EE50023DB34 /* Info.plist */ = {isa = PBXFileReference; lastKnownFileType = text.plist.xml; path = Info.plist; sourceTree = "<group>"; };
		3D1B66AB24D5F8880040B5FE /* FloatingPlaceholderTextfieldView.xib */ = {isa = PBXFileReference; fileEncoding = 4; lastKnownFileType = file.xib; path = FloatingPlaceholderTextfieldView.xib; sourceTree = "<group>"; };
		3D1B66AC24D5F8880040B5FE /* FloatingPlaceholderTextfieldView.swift */ = {isa = PBXFileReference; fileEncoding = 4; lastKnownFileType = sourcecode.swift; path = FloatingPlaceholderTextfieldView.swift; sourceTree = "<group>"; };
		3D1B66B524D5F8890040B5FE /* FloatingPasswordPlaceholderTextView.swift */ = {isa = PBXFileReference; fileEncoding = 4; lastKnownFileType = sourcecode.swift; path = FloatingPasswordPlaceholderTextView.swift; sourceTree = "<group>"; };
		3D1B66B624D5F8890040B5FE /* FloatingPasswordPlaceholderTextView.xib */ = {isa = PBXFileReference; fileEncoding = 4; lastKnownFileType = file.xib; path = FloatingPasswordPlaceholderTextView.xib; sourceTree = "<group>"; };
		3D84FE8F24D5CB520088C33B /* DefaultUsers.plist */ = {isa = PBXFileReference; lastKnownFileType = text.plist.xml; path = DefaultUsers.plist; sourceTree = "<group>"; };
		3D972CB924D6BA2A00E81751 /* DetailViewController.swift */ = {isa = PBXFileReference; lastKnownFileType = sourcecode.swift; path = DetailViewController.swift; sourceTree = "<group>"; };
		3D972CBB24D6BA3E00E81751 /* DetailViewModel.swift */ = {isa = PBXFileReference; lastKnownFileType = sourcecode.swift; path = DetailViewModel.swift; sourceTree = "<group>"; };
		3D972CBD24D6BAD100E81751 /* DetailSectionModel.swift */ = {isa = PBXFileReference; lastKnownFileType = sourcecode.swift; path = DetailSectionModel.swift; sourceTree = "<group>"; };
		3D972CC024D7093700E81751 /* ItemModelProtocol.swift */ = {isa = PBXFileReference; fileEncoding = 4; lastKnownFileType = sourcecode.swift; path = ItemModelProtocol.swift; sourceTree = "<group>"; };
		3D972CC324D70A2E00E81751 /* TableViewControllerRxAnimatedDatasources.swift */ = {isa = PBXFileReference; fileEncoding = 4; lastKnownFileType = sourcecode.swift; path = TableViewControllerRxAnimatedDatasources.swift; sourceTree = "<group>"; };
		3D972CC424D70A2E00E81751 /* UITableView+Reusable.swift */ = {isa = PBXFileReference; fileEncoding = 4; lastKnownFileType = sourcecode.swift; path = "UITableView+Reusable.swift"; sourceTree = "<group>"; };
		3D972CC524D70A2E00E81751 /* TableViewConfigurator.swift */ = {isa = PBXFileReference; fileEncoding = 4; lastKnownFileType = sourcecode.swift; path = TableViewConfigurator.swift; sourceTree = "<group>"; };
		3D972CC624D70A2E00E81751 /* UIRefreshControl+.swift */ = {isa = PBXFileReference; fileEncoding = 4; lastKnownFileType = sourcecode.swift; path = "UIRefreshControl+.swift"; sourceTree = "<group>"; };
		3D972CCC24D70AC200E81751 /* WebServiceError.swift */ = {isa = PBXFileReference; fileEncoding = 4; lastKnownFileType = sourcecode.swift; path = WebServiceError.swift; sourceTree = "<group>"; };
		3D972CCD24D70AC200E81751 /* WebService.swift */ = {isa = PBXFileReference; fileEncoding = 4; lastKnownFileType = sourcecode.swift; path = WebService.swift; sourceTree = "<group>"; };
		3D972CCE24D70AC200E81751 /* ResultResponse.swift */ = {isa = PBXFileReference; fileEncoding = 4; lastKnownFileType = sourcecode.swift; path = ResultResponse.swift; sourceTree = "<group>"; };
		3D972CCF24D70AC200E81751 /* ErrorResponse.swift */ = {isa = PBXFileReference; fileEncoding = 4; lastKnownFileType = sourcecode.swift; path = ErrorResponse.swift; sourceTree = "<group>"; };
		3D972CD024D70AC200E81751 /* TargetType+Configuration.swift */ = {isa = PBXFileReference; fileEncoding = 4; lastKnownFileType = sourcecode.swift; path = "TargetType+Configuration.swift"; sourceTree = "<group>"; };
		3D972CD624D7130A00E81751 /* Codable+Any.swift */ = {isa = PBXFileReference; lastKnownFileType = sourcecode.swift; path = "Codable+Any.swift"; sourceTree = "<group>"; };
		3D972CD824D7140100E81751 /* DetailWebService.swift */ = {isa = PBXFileReference; lastKnownFileType = sourcecode.swift; path = DetailWebService.swift; sourceTree = "<group>"; };
		3D972CDA24D71BB000E81751 /* DetailAPI.swift */ = {isa = PBXFileReference; lastKnownFileType = sourcecode.swift; path = DetailAPI.swift; sourceTree = "<group>"; };
		3D972CDC24D722A900E81751 /* UserDetailTableViewCell.swift */ = {isa = PBXFileReference; lastKnownFileType = sourcecode.swift; path = UserDetailTableViewCell.swift; sourceTree = "<group>"; };
		3D972CDE24D722BC00E81751 /* UserDetailTableViewCell.xib */ = {isa = PBXFileReference; lastKnownFileType = file.xib; path = UserDetailTableViewCell.xib; sourceTree = "<group>"; };
		3D972CE224D724C300E81751 /* UserDetail.swift */ = {isa = PBXFileReference; lastKnownFileType = sourcecode.swift; path = UserDetail.swift; sourceTree = "<group>"; };
		3D972CE524D7256300E81751 /* Address.swift */ = {isa = PBXFileReference; lastKnownFileType = sourcecode.swift; path = Address.swift; sourceTree = "<group>"; };
		3D972CE824D72D4D00E81751 /* TableViewHandler.swift */ = {isa = PBXFileReference; fileEncoding = 4; lastKnownFileType = sourcecode.swift; path = TableViewHandler.swift; sourceTree = "<group>"; };
		3D972CEF24D731A400E81751 /* MapViewController.swift */ = {isa = PBXFileReference; lastKnownFileType = sourcecode.swift; path = MapViewController.swift; sourceTree = "<group>"; };
		3D972CF124D731BC00E81751 /* MapViewModel.swift */ = {isa = PBXFileReference; lastKnownFileType = sourcecode.swift; path = MapViewModel.swift; sourceTree = "<group>"; };
		3D972CF424D7344C00E81751 /* VisualEffectBackgroundButtonView.xib */ = {isa = PBXFileReference; fileEncoding = 4; lastKnownFileType = file.xib; path = VisualEffectBackgroundButtonView.xib; sourceTree = "<group>"; };
		3D972CF524D7344C00E81751 /* VisualEffectBackgroundButtonView.swift */ = {isa = PBXFileReference; fileEncoding = 4; lastKnownFileType = sourcecode.swift; path = VisualEffectBackgroundButtonView.swift; sourceTree = "<group>"; };
		3DA9524F24D560DA000172B3 /* R.generated.swift */ = {isa = PBXFileReference; fileEncoding = 4; lastKnownFileType = sourcecode.swift; path = R.generated.swift; sourceTree = SOURCE_ROOT; };
		3DA9528024D58462000172B3 /* TableViewCellResponderWrapper.swift */ = {isa = PBXFileReference; fileEncoding = 4; lastKnownFileType = sourcecode.swift; path = TableViewCellResponderWrapper.swift; sourceTree = "<group>"; };
		3DA9528124D58462000172B3 /* ResponderWrapper.swift */ = {isa = PBXFileReference; fileEncoding = 4; lastKnownFileType = sourcecode.swift; path = ResponderWrapper.swift; sourceTree = "<group>"; };
		3DA9528224D58462000172B3 /* ResponderViewProtocol.swift */ = {isa = PBXFileReference; fileEncoding = 4; lastKnownFileType = sourcecode.swift; path = ResponderViewProtocol.swift; sourceTree = "<group>"; };
		3DA9528324D58462000172B3 /* ResponderViewHandler.swift */ = {isa = PBXFileReference; fileEncoding = 4; lastKnownFileType = sourcecode.swift; path = ResponderViewHandler.swift; sourceTree = "<group>"; };
		3DA9528524D58462000172B3 /* InputError.swift */ = {isa = PBXFileReference; fileEncoding = 4; lastKnownFileType = sourcecode.swift; path = InputError.swift; sourceTree = "<group>"; };
		3DA9528724D58462000172B3 /* InputObject.swift */ = {isa = PBXFileReference; fileEncoding = 4; lastKnownFileType = sourcecode.swift; path = InputObject.swift; sourceTree = "<group>"; };
		3DA9528D24D58462000172B3 /* Animator.swift */ = {isa = PBXFileReference; fileEncoding = 4; lastKnownFileType = sourcecode.swift; path = Animator.swift; sourceTree = "<group>"; };
		3DA9528E24D58462000172B3 /* ModuleVC.swift */ = {isa = PBXFileReference; fileEncoding = 4; lastKnownFileType = sourcecode.swift; path = ModuleVC.swift; sourceTree = "<group>"; };
		3DA9528F24D58462000172B3 /* Router.swift */ = {isa = PBXFileReference; fileEncoding = 4; lastKnownFileType = sourcecode.swift; path = Router.swift; sourceTree = "<group>"; };
		3DA9529124D58462000172B3 /* ModalTransition.swift */ = {isa = PBXFileReference; fileEncoding = 4; lastKnownFileType = sourcecode.swift; path = ModalTransition.swift; sourceTree = "<group>"; };
		3DA9529224D58462000172B3 /* Transition.swift */ = {isa = PBXFileReference; fileEncoding = 4; lastKnownFileType = sourcecode.swift; path = Transition.swift; sourceTree = "<group>"; };
		3DA9529324D58462000172B3 /* PushTransition.swift */ = {isa = PBXFileReference; fileEncoding = 4; lastKnownFileType = sourcecode.swift; path = PushTransition.swift; sourceTree = "<group>"; };
		3DA9529524D58462000172B3 /* BaseViewController.swift */ = {isa = PBXFileReference; fileEncoding = 4; lastKnownFileType = sourcecode.swift; path = BaseViewController.swift; sourceTree = "<group>"; };
		3DA9529624D58462000172B3 /* BaseViewModel.swift */ = {isa = PBXFileReference; fileEncoding = 4; lastKnownFileType = sourcecode.swift; path = BaseViewModel.swift; sourceTree = "<group>"; };
		3DA9529724D58462000172B3 /* SceneVC.swift */ = {isa = PBXFileReference; fileEncoding = 4; lastKnownFileType = sourcecode.swift; path = SceneVC.swift; sourceTree = "<group>"; };
		3DA952B224D58472000172B3 /* String+attributedBulletedText.swift */ = {isa = PBXFileReference; fileEncoding = 4; lastKnownFileType = sourcecode.swift; path = "String+attributedBulletedText.swift"; sourceTree = "<group>"; };
		3DA952B324D58472000172B3 /* String+Utilities.swift */ = {isa = PBXFileReference; fileEncoding = 4; lastKnownFileType = sourcecode.swift; path = "String+Utilities.swift"; sourceTree = "<group>"; };
		3DA952B424D58472000172B3 /* String+Alphanumerics.swift */ = {isa = PBXFileReference; fileEncoding = 4; lastKnownFileType = sourcecode.swift; path = "String+Alphanumerics.swift"; sourceTree = "<group>"; };
		3DA952B524D58472000172B3 /* String+Substring.swift */ = {isa = PBXFileReference; fileEncoding = 4; lastKnownFileType = sourcecode.swift; path = "String+Substring.swift"; sourceTree = "<group>"; };
		3DA952B624D58472000172B3 /* String+Phone.swift */ = {isa = PBXFileReference; fileEncoding = 4; lastKnownFileType = sourcecode.swift; path = "String+Phone.swift"; sourceTree = "<group>"; };
		3DA952B724D58472000172B3 /* String + Extension.swift */ = {isa = PBXFileReference; fileEncoding = 4; lastKnownFileType = sourcecode.swift; path = "String + Extension.swift"; sourceTree = "<group>"; };
		3DA952D124D58472000172B3 /* UIView+.swift */ = {isa = PBXFileReference; fileEncoding = 4; lastKnownFileType = sourcecode.swift; path = "UIView+.swift"; sourceTree = "<group>"; };
		3DA952D324D58472000172B3 /* Spinner.swift */ = {isa = PBXFileReference; fileEncoding = 4; lastKnownFileType = sourcecode.swift; path = Spinner.swift; sourceTree = "<group>"; };
		3DA952D424D58472000172B3 /* UIViewExtension.swift */ = {isa = PBXFileReference; fileEncoding = 4; lastKnownFileType = sourcecode.swift; path = UIViewExtension.swift; sourceTree = "<group>"; };
		3DA952D524D58472000172B3 /* UIView+Rx.swift */ = {isa = PBXFileReference; fileEncoding = 4; lastKnownFileType = sourcecode.swift; path = "UIView+Rx.swift"; sourceTree = "<group>"; };
		3DA952D624D58472000172B3 /* UIView+fade.swift */ = {isa = PBXFileReference; fileEncoding = 4; lastKnownFileType = sourcecode.swift; path = "UIView+fade.swift"; sourceTree = "<group>"; };
		3DA952D924D58473000172B3 /* UIResponder+.swift */ = {isa = PBXFileReference; fileEncoding = 4; lastKnownFileType = sourcecode.swift; path = "UIResponder+.swift"; sourceTree = "<group>"; };
		3DA9531F24D585DF000172B3 /* BottomFadingPopupViewModel.swift */ = {isa = PBXFileReference; fileEncoding = 4; lastKnownFileType = sourcecode.swift; path = BottomFadingPopupViewModel.swift; sourceTree = "<group>"; };
		3DA9532024D585DF000172B3 /* BottomFadingPopupView.swift */ = {isa = PBXFileReference; fileEncoding = 4; lastKnownFileType = sourcecode.swift; path = BottomFadingPopupView.swift; sourceTree = "<group>"; };
		3DA9532124D585E0000172B3 /* BottomFadingPopupView.xib */ = {isa = PBXFileReference; fileEncoding = 4; lastKnownFileType = file.xib; path = BottomFadingPopupView.xib; sourceTree = "<group>"; };
		3DA953C124D58674000172B3 /* ViewReusable.swift */ = {isa = PBXFileReference; fileEncoding = 4; lastKnownFileType = sourcecode.swift; path = ViewReusable.swift; sourceTree = "<group>"; };
		3DA953D224D58675000172B3 /* EmptyViewType.swift */ = {isa = PBXFileReference; fileEncoding = 4; lastKnownFileType = sourcecode.swift; path = EmptyViewType.swift; sourceTree = "<group>"; };
		3DA953D324D58675000172B3 /* UIView+EmptyView.swift */ = {isa = PBXFileReference; fileEncoding = 4; lastKnownFileType = sourcecode.swift; path = "UIView+EmptyView.swift"; sourceTree = "<group>"; };
		3DA953F324D5870A000172B3 /* ViewCoderLoadable.swift */ = {isa = PBXFileReference; fileEncoding = 4; lastKnownFileType = sourcecode.swift; path = ViewCoderLoadable.swift; sourceTree = "<group>"; };
		3DA953F624D58757000172B3 /* UIImage+systemName.swift */ = {isa = PBXFileReference; fileEncoding = 4; lastKnownFileType = sourcecode.swift; path = "UIImage+systemName.swift"; sourceTree = "<group>"; };
		3DA953F724D58757000172B3 /* UIImage+.swift */ = {isa = PBXFileReference; fileEncoding = 4; lastKnownFileType = sourcecode.swift; path = "UIImage+.swift"; sourceTree = "<group>"; };
		3DA953FC24D587D0000172B3 /* UIColor+Gradient.swift */ = {isa = PBXFileReference; fileEncoding = 4; lastKnownFileType = sourcecode.swift; path = "UIColor+Gradient.swift"; sourceTree = "<group>"; };
		3DA953FD24D587D0000172B3 /* RadialGradientView.swift */ = {isa = PBXFileReference; fileEncoding = 4; lastKnownFileType = sourcecode.swift; path = RadialGradientView.swift; sourceTree = "<group>"; };
		3DA953FE24D587D0000172B3 /* RadialGradientNavigationBar.swift */ = {isa = PBXFileReference; fileEncoding = 4; lastKnownFileType = sourcecode.swift; path = RadialGradientNavigationBar.swift; sourceTree = "<group>"; };
		3DA9540224D587EE000172B3 /* KeyboardVisibileAdjusterProtocol.swift */ = {isa = PBXFileReference; fileEncoding = 4; lastKnownFileType = sourcecode.swift; path = KeyboardVisibileAdjusterProtocol.swift; sourceTree = "<group>"; };
		3DA9540424D58809000172B3 /* UIScrollView+.swift */ = {isa = PBXFileReference; fileEncoding = 4; lastKnownFileType = sourcecode.swift; path = "UIScrollView+.swift"; sourceTree = "<group>"; };
		3DA9540924D58845000172B3 /* MainScene.swift */ = {isa = PBXFileReference; lastKnownFileType = sourcecode.swift; path = MainScene.swift; sourceTree = "<group>"; };
		3DA9540C24D58EA4000172B3 /* SqliteDatabaseManager.swift */ = {isa = PBXFileReference; lastKnownFileType = sourcecode.swift; path = SqliteDatabaseManager.swift; sourceTree = "<group>"; };
		3DDCE31024D73FF2006A259A /* Address+MKAnnotation.swift */ = {isa = PBXFileReference; lastKnownFileType = sourcecode.swift; path = "Address+MKAnnotation.swift"; sourceTree = "<group>"; };
		7013DA158B06AFC96BFBD567 /* Pods-CarTrackCodeChallengeTests.release.xcconfig */ = {isa = PBXFileReference; includeInIndex = 1; lastKnownFileType = text.xcconfig; name = "Pods-CarTrackCodeChallengeTests.release.xcconfig"; path = "Target Support Files/Pods-CarTrackCodeChallengeTests/Pods-CarTrackCodeChallengeTests.release.xcconfig"; sourceTree = "<group>"; };
		76C9348F4DD8A58662E0730C /* Pods_CarTrackCodeChallenge.framework */ = {isa = PBXFileReference; explicitFileType = wrapper.framework; includeInIndex = 0; path = Pods_CarTrackCodeChallenge.framework; sourceTree = BUILT_PRODUCTS_DIR; };
		7F20C64AF02822078ED66379 /* Pods_CarTrackCodeChallengeTests.framework */ = {isa = PBXFileReference; explicitFileType = wrapper.framework; includeInIndex = 0; path = Pods_CarTrackCodeChallengeTests.framework; sourceTree = BUILT_PRODUCTS_DIR; };
		A244D96FC5150A17245DA8C6 /* Pods-CarTrackCodeChallengeTests.debug.xcconfig */ = {isa = PBXFileReference; includeInIndex = 1; lastKnownFileType = text.xcconfig; name = "Pods-CarTrackCodeChallengeTests.debug.xcconfig"; path = "Target Support Files/Pods-CarTrackCodeChallengeTests/Pods-CarTrackCodeChallengeTests.debug.xcconfig"; sourceTree = "<group>"; };
		E4504BF7DF602EB85CCC3D09 /* Pods-CarTrackCodeChallenge.release.xcconfig */ = {isa = PBXFileReference; includeInIndex = 1; lastKnownFileType = text.xcconfig; name = "Pods-CarTrackCodeChallenge.release.xcconfig"; path = "Target Support Files/Pods-CarTrackCodeChallenge/Pods-CarTrackCodeChallenge.release.xcconfig"; sourceTree = "<group>"; };
/* End PBXFileReference section */

/* Begin PBXFrameworksBuildPhase section */
		3D0FA8C824D55EE40023DB34 /* Frameworks */ = {
			isa = PBXFrameworksBuildPhase;
			buildActionMask = 2147483647;
			files = (
				5B8CDF3A36CB5AB83E50E995 /* Pods_CarTrackCodeChallenge.framework in Frameworks */,
			);
			runOnlyForDeploymentPostprocessing = 0;
		};
		3D0FA8DE24D55EE50023DB34 /* Frameworks */ = {
			isa = PBXFrameworksBuildPhase;
			buildActionMask = 2147483647;
			files = (
				65CA8A6192F002BEDB3AB789 /* Pods_CarTrackCodeChallengeTests.framework in Frameworks */,
			);
			runOnlyForDeploymentPostprocessing = 0;
		};
/* End PBXFrameworksBuildPhase section */

/* Begin PBXGroup section */
		3D0087F124D9D1AA00618844 /* Company */ = {
			isa = PBXGroup;
			children = (
				3D0087F224D9D1C000618844 /* Company.swift */,
			);
			path = Company;
			sourceTree = "<group>";
		};
		3D0518DF24D5FC6B000A1E5A /* Login */ = {
			isa = PBXGroup;
			children = (
				3D0518E024D5FC7A000A1E5A /* LoginViewController.swift */,
				3D0518E224D5FC8F000A1E5A /* LoginViewModel.swift */,
			);
			path = Login;
			sourceTree = "<group>";
		};
		3D0518E624D603E4000A1E5A /* MobileCountryPicker */ = {
			isa = PBXGroup;
			children = (
				3D0518E924D603E4000A1E5A /* CountryNumberPickerViewController.swift */,
				3D0518EA24D603E4000A1E5A /* CountryCodePickerViewController.swift */,
			);
			path = MobileCountryPicker;
			sourceTree = "<group>";
		};
		3D0518F124D60AE2000A1E5A /* Buttons */ = {
			isa = PBXGroup;
			children = (
				3D0518E424D601BC000A1E5A /* UIButton+RxHighlighted.swift */,
				3D0518F424D60AE2000A1E5A /* UIButton+enabledColorBinder.swift */,
			);
			path = Buttons;
			sourceTree = "<group>";
		};
		3D0518FC24D60B75000A1E5A /* AppConstants */ = {
			isa = PBXGroup;
			children = (
				3D0518FD24D60B81000A1E5A /* AppConstants.swift */,
			);
			path = AppConstants;
			sourceTree = "<group>";
		};
		3D0518FF24D60D05000A1E5A /* Textfield */ = {
			isa = PBXGroup;
			children = (
				3D05190324D60D05000A1E5A /* UITextfield+rx+twoWayBind.swift */,
			);
			path = Textfield;
			sourceTree = "<group>";
		};
		3D0FA8C224D55EE40023DB34 = {
			isa = PBXGroup;
			children = (
				3D0FA8CD24D55EE40023DB34 /* CarTrackCodeChallenge */,
				3D0FA8E424D55EE50023DB34 /* CarTrackCodeChallengeTests */,
				3D0FA8CC24D55EE40023DB34 /* Products */,
				7E6A10BB5921EE490AFCB008 /* Pods */,
				BF92CA1A159CD008F4B027C3 /* Frameworks */,
			);
			sourceTree = "<group>";
		};
		3D0FA8CC24D55EE40023DB34 /* Products */ = {
			isa = PBXGroup;
			children = (
				3D0FA8CB24D55EE40023DB34 /* CarTrackCodeChallenge.app */,
				3D0FA8E124D55EE50023DB34 /* CarTrackCodeChallengeTests.xctest */,
			);
			name = Products;
			sourceTree = "<group>";
		};
		3D0FA8CD24D55EE40023DB34 /* CarTrackCodeChallenge */ = {
			isa = PBXGroup;
			children = (
				3DA9540624D5881E000172B3 /* Core */,
				3DA9525124D56112000172B3 /* Reusables */,
				3D84FE8E24D5CB340088C33B /* Resources */,
				3D0FA8CE24D55EE40023DB34 /* AppDelegate.swift */,
				3D0FA8D024D55EE40023DB34 /* SceneDelegate.swift */,
				3D0FA8D224D55EE40023DB34 /* ViewController.swift */,
				3DA9524F24D560DA000172B3 /* R.generated.swift */,
				3D0FA8D424D55EE40023DB34 /* Main.storyboard */,
				3D0FA8D724D55EE50023DB34 /* Assets.xcassets */,
				3D0FA8D924D55EE50023DB34 /* LaunchScreen.storyboard */,
				3D0FA8DC24D55EE50023DB34 /* Info.plist */,
			);
			path = CarTrackCodeChallenge;
			sourceTree = "<group>";
		};
		3D0FA8E424D55EE50023DB34 /* CarTrackCodeChallengeTests */ = {
			isa = PBXGroup;
			children = (
				3D0087F424D9F01600618844 /* LoginViewModelTests.swift */,
				3D0FA8E524D55EE50023DB34 /* CarTrackCodeChallengeTests.swift */,
				3D0FA8E724D55EE50023DB34 /* Info.plist */,
			);
			path = CarTrackCodeChallengeTests;
			sourceTree = "<group>";
		};
		3D1B66A324D5F8880040B5FE /* Textfield */ = {
			isa = PBXGroup;
			children = (
				3D1B66AA24D5F8880040B5FE /* FloatingPlaceholderTextfieldView */,
			);
			path = Textfield;
			sourceTree = "<group>";
		};
		3D1B66AA24D5F8880040B5FE /* FloatingPlaceholderTextfieldView */ = {
			isa = PBXGroup;
			children = (
				3D1B66AB24D5F8880040B5FE /* FloatingPlaceholderTextfieldView.xib */,
				3D1B66AC24D5F8880040B5FE /* FloatingPlaceholderTextfieldView.swift */,
				3D1B66B424D5F8890040B5FE /* FloatingPasswordPlaceholderTextView */,
			);
			path = FloatingPlaceholderTextfieldView;
			sourceTree = "<group>";
		};
		3D1B66B424D5F8890040B5FE /* FloatingPasswordPlaceholderTextView */ = {
			isa = PBXGroup;
			children = (
				3D1B66B524D5F8890040B5FE /* FloatingPasswordPlaceholderTextView.swift */,
				3D1B66B624D5F8890040B5FE /* FloatingPasswordPlaceholderTextView.xib */,
			);
			path = FloatingPasswordPlaceholderTextView;
			sourceTree = "<group>";
		};
		3D84FE8E24D5CB340088C33B /* Resources */ = {
			isa = PBXGroup;
			children = (
				3D84FE8F24D5CB520088C33B /* DefaultUsers.plist */,
			);
			path = Resources;
			sourceTree = "<group>";
		};
		3D972CB824D6BA0D00E81751 /* Detail */ = {
			isa = PBXGroup;
			children = (
				3D972CB924D6BA2A00E81751 /* DetailViewController.swift */,
				3D972CBB24D6BA3E00E81751 /* DetailViewModel.swift */,
				3D972CBD24D6BAD100E81751 /* DetailSectionModel.swift */,
				3D972CD824D7140100E81751 /* DetailWebService.swift */,
				3D972CDA24D71BB000E81751 /* DetailAPI.swift */,
				3D972CDC24D722A900E81751 /* UserDetailTableViewCell.swift */,
				3D972CDE24D722BC00E81751 /* UserDetailTableViewCell.xib */,
			);
			path = Detail;
			sourceTree = "<group>";
		};
		3D972CBF24D7093700E81751 /* ItemModel */ = {
			isa = PBXGroup;
			children = (
				3D972CC024D7093700E81751 /* ItemModelProtocol.swift */,
			);
			path = ItemModel;
			sourceTree = "<group>";
		};
		3D972CC224D70A2E00E81751 /* TableView */ = {
			isa = PBXGroup;
			children = (
				3D972CC324D70A2E00E81751 /* TableViewControllerRxAnimatedDatasources.swift */,
				3D972CC424D70A2E00E81751 /* UITableView+Reusable.swift */,
				3D972CC524D70A2E00E81751 /* TableViewConfigurator.swift */,
				3D972CC624D70A2E00E81751 /* UIRefreshControl+.swift */,
			);
			path = TableView;
			sourceTree = "<group>";
		};
		3D972CCB24D70AC200E81751 /* Network */ = {
			isa = PBXGroup;
			children = (
				3D972CCC24D70AC200E81751 /* WebServiceError.swift */,
				3D972CCD24D70AC200E81751 /* WebService.swift */,
				3D972CCE24D70AC200E81751 /* ResultResponse.swift */,
				3D972CCF24D70AC200E81751 /* ErrorResponse.swift */,
				3D972CD024D70AC200E81751 /* TargetType+Configuration.swift */,
			);
			path = Network;
			sourceTree = "<group>";
		};
		3D972CE024D724AE00E81751 /* Entities */ = {
			isa = PBXGroup;
			children = (
				3D0087F124D9D1AA00618844 /* Company */,
				3D972CE424D7255700E81751 /* Address */,
				3D972CE124D724B600E81751 /* UserDetail */,
			);
			path = Entities;
			sourceTree = "<group>";
		};
		3D972CE124D724B600E81751 /* UserDetail */ = {
			isa = PBXGroup;
			children = (
				3D972CE224D724C300E81751 /* UserDetail.swift */,
			);
			path = UserDetail;
			sourceTree = "<group>";
		};
		3D972CE424D7255700E81751 /* Address */ = {
			isa = PBXGroup;
			children = (
				3D972CE524D7256300E81751 /* Address.swift */,
				3DDCE31024D73FF2006A259A /* Address+MKAnnotation.swift */,
			);
			path = Address;
			sourceTree = "<group>";
		};
		3D972CE724D72D4D00E81751 /* UIHandlers */ = {
			isa = PBXGroup;
			children = (
				3D972CE824D72D4D00E81751 /* TableViewHandler.swift */,
			);
			path = UIHandlers;
			sourceTree = "<group>";
		};
		3D972CEE24D7319600E81751 /* MapViewController */ = {
			isa = PBXGroup;
			children = (
				3D972CEF24D731A400E81751 /* MapViewController.swift */,
				3D972CF124D731BC00E81751 /* MapViewModel.swift */,
			);
			path = MapViewController;
			sourceTree = "<group>";
		};
		3D972CF324D7344C00E81751 /* VisualEffectBackgroundButtonView */ = {
			isa = PBXGroup;
			children = (
				3D972CF424D7344C00E81751 /* VisualEffectBackgroundButtonView.xib */,
				3D972CF524D7344C00E81751 /* VisualEffectBackgroundButtonView.swift */,
			);
			path = VisualEffectBackgroundButtonView;
			sourceTree = "<group>";
		};
		3DA9525124D56112000172B3 /* Reusables */ = {
			isa = PBXGroup;
			children = (
				3DA953B524D58674000172B3 /* Protocols */,
				3DA9530124D585DF000172B3 /* Views */,
				3DA952AA24D58472000172B3 /* Extensions */,
				3DA9527E24D58462000172B3 /* Entities */,
			);
			path = Reusables;
			sourceTree = "<group>";
		};
		3DA9527E24D58462000172B3 /* Entities */ = {
			isa = PBXGroup;
			children = (
				3D972CE724D72D4D00E81751 /* UIHandlers */,
				3D972CCB24D70AC200E81751 /* Network */,
				3DA9527F24D58462000172B3 /* ResponderViewHandler */,
				3DA9528424D58462000172B3 /* InputError */,
				3DA9528624D58462000172B3 /* InputObject */,
				3DA9528C24D58462000172B3 /* Routing */,
				3DA9529424D58462000172B3 /* Base */,
			);
			path = Entities;
			sourceTree = "<group>";
		};
		3DA9527F24D58462000172B3 /* ResponderViewHandler */ = {
			isa = PBXGroup;
			children = (
				3DA9528024D58462000172B3 /* TableViewCellResponderWrapper.swift */,
				3DA9528124D58462000172B3 /* ResponderWrapper.swift */,
				3DA9528224D58462000172B3 /* ResponderViewProtocol.swift */,
				3DA9528324D58462000172B3 /* ResponderViewHandler.swift */,
			);
			path = ResponderViewHandler;
			sourceTree = "<group>";
		};
		3DA9528424D58462000172B3 /* InputError */ = {
			isa = PBXGroup;
			children = (
				3DA9528524D58462000172B3 /* InputError.swift */,
			);
			path = InputError;
			sourceTree = "<group>";
		};
		3DA9528624D58462000172B3 /* InputObject */ = {
			isa = PBXGroup;
			children = (
				3DA9528724D58462000172B3 /* InputObject.swift */,
			);
			path = InputObject;
			sourceTree = "<group>";
		};
		3DA9528C24D58462000172B3 /* Routing */ = {
			isa = PBXGroup;
			children = (
				3DA9528D24D58462000172B3 /* Animator.swift */,
				3DA9528E24D58462000172B3 /* ModuleVC.swift */,
				3DA9528F24D58462000172B3 /* Router.swift */,
				3DA9529024D58462000172B3 /* Transitions */,
			);
			path = Routing;
			sourceTree = "<group>";
		};
		3DA9529024D58462000172B3 /* Transitions */ = {
			isa = PBXGroup;
			children = (
				3DA9529124D58462000172B3 /* ModalTransition.swift */,
				3DA9529224D58462000172B3 /* Transition.swift */,
				3DA9529324D58462000172B3 /* PushTransition.swift */,
			);
			path = Transitions;
			sourceTree = "<group>";
		};
		3DA9529424D58462000172B3 /* Base */ = {
			isa = PBXGroup;
			children = (
				3DA9529524D58462000172B3 /* BaseViewController.swift */,
				3DA9529624D58462000172B3 /* BaseViewModel.swift */,
				3DA9529724D58462000172B3 /* SceneVC.swift */,
			);
			path = Base;
			sourceTree = "<group>";
		};
		3DA952AA24D58472000172B3 /* Extensions */ = {
			isa = PBXGroup;
			children = (
				3D0518FF24D60D05000A1E5A /* Textfield */,
				3D0518F124D60AE2000A1E5A /* Buttons */,
				3DA953F524D58757000172B3 /* UIImage */,
				3DA952B124D58472000172B3 /* Strings */,
				3DA952D024D58472000172B3 /* UIViews */,
				3DA952D924D58473000172B3 /* UIResponder+.swift */,
				3DA9540424D58809000172B3 /* UIScrollView+.swift */,
				3D972CD624D7130A00E81751 /* Codable+Any.swift */,
			);
			path = Extensions;
			sourceTree = "<group>";
		};
		3DA952B124D58472000172B3 /* Strings */ = {
			isa = PBXGroup;
			children = (
				3DA952B224D58472000172B3 /* String+attributedBulletedText.swift */,
				3DA952B324D58472000172B3 /* String+Utilities.swift */,
				3DA952B424D58472000172B3 /* String+Alphanumerics.swift */,
				3DA952B524D58472000172B3 /* String+Substring.swift */,
				3DA952B624D58472000172B3 /* String+Phone.swift */,
				3DA952B724D58472000172B3 /* String + Extension.swift */,
			);
			path = Strings;
			sourceTree = "<group>";
		};
		3DA952D024D58472000172B3 /* UIViews */ = {
			isa = PBXGroup;
			children = (
				3DA952D124D58472000172B3 /* UIView+.swift */,
				3DA952D224D58472000172B3 /* Spinner */,
				3DA952D424D58472000172B3 /* UIViewExtension.swift */,
				3DA952D524D58472000172B3 /* UIView+Rx.swift */,
				3DA952D624D58472000172B3 /* UIView+fade.swift */,
			);
			path = UIViews;
			sourceTree = "<group>";
		};
		3DA952D224D58472000172B3 /* Spinner */ = {
			isa = PBXGroup;
			children = (
				3DA952D324D58472000172B3 /* Spinner.swift */,
			);
			path = Spinner;
			sourceTree = "<group>";
		};
		3DA9530124D585DF000172B3 /* Views */ = {
			isa = PBXGroup;
			children = (
				3D1B66A324D5F8880040B5FE /* Textfield */,
				3DA9531324D585DF000172B3 /* Customs */,
			);
			path = Views;
			sourceTree = "<group>";
		};
		3DA9531324D585DF000172B3 /* Customs */ = {
			isa = PBXGroup;
			children = (
				3D972CF324D7344C00E81751 /* VisualEffectBackgroundButtonView */,
				3D0518E624D603E4000A1E5A /* MobileCountryPicker */,
				3DA953FA24D587D0000172B3 /* GradientView */,
				3DA9531E24D585DF000172B3 /* BottomFadingPopupView */,
			);
			path = Customs;
			sourceTree = "<group>";
		};
		3DA9531E24D585DF000172B3 /* BottomFadingPopupView */ = {
			isa = PBXGroup;
			children = (
				3DA9531F24D585DF000172B3 /* BottomFadingPopupViewModel.swift */,
				3DA9532024D585DF000172B3 /* BottomFadingPopupView.swift */,
				3DA9532124D585E0000172B3 /* BottomFadingPopupView.xib */,
			);
			path = BottomFadingPopupView;
			sourceTree = "<group>";
		};
		3DA953B524D58674000172B3 /* Protocols */ = {
			isa = PBXGroup;
			children = (
				3D972CC224D70A2E00E81751 /* TableView */,
				3D972CBF24D7093700E81751 /* ItemModel */,
				3DA9540224D587EE000172B3 /* KeyboardVisibileAdjusterProtocol.swift */,
				3DA953F324D5870A000172B3 /* ViewCoderLoadable.swift */,
				3DA953C124D58674000172B3 /* ViewReusable.swift */,
				3DA953D124D58675000172B3 /* EmptyView */,
			);
			path = Protocols;
			sourceTree = "<group>";
		};
		3DA953D124D58675000172B3 /* EmptyView */ = {
			isa = PBXGroup;
			children = (
				3DA953D224D58675000172B3 /* EmptyViewType.swift */,
				3DA953D324D58675000172B3 /* UIView+EmptyView.swift */,
			);
			path = EmptyView;
			sourceTree = "<group>";
		};
		3DA953F524D58757000172B3 /* UIImage */ = {
			isa = PBXGroup;
			children = (
				3DA953F624D58757000172B3 /* UIImage+systemName.swift */,
				3DA953F724D58757000172B3 /* UIImage+.swift */,
			);
			path = UIImage;
			sourceTree = "<group>";
		};
		3DA953FA24D587D0000172B3 /* GradientView */ = {
			isa = PBXGroup;
			children = (
				3DA953FB24D587D0000172B3 /* RadialGradientView */,
			);
			path = GradientView;
			sourceTree = "<group>";
		};
		3DA953FB24D587D0000172B3 /* RadialGradientView */ = {
			isa = PBXGroup;
			children = (
				3DA953FC24D587D0000172B3 /* UIColor+Gradient.swift */,
				3DA953FD24D587D0000172B3 /* RadialGradientView.swift */,
				3DA953FE24D587D0000172B3 /* RadialGradientNavigationBar.swift */,
			);
			path = RadialGradientView;
			sourceTree = "<group>";
		};
		3DA9540624D5881E000172B3 /* Core */ = {
			isa = PBXGroup;
			children = (
				3D972CE024D724AE00E81751 /* Entities */,
				3D0518FC24D60B75000A1E5A /* AppConstants */,
				3DA9540B24D58E8C000172B3 /* Manager */,
				3DA9540824D58837000172B3 /* ViewControllers */,
				3DA9540724D58823000172B3 /* Scenes */,
			);
			path = Core;
			sourceTree = "<group>";
		};
		3DA9540724D58823000172B3 /* Scenes */ = {
			isa = PBXGroup;
			children = (
				3DA9540924D58845000172B3 /* MainScene.swift */,
			);
			path = Scenes;
			sourceTree = "<group>";
		};
		3DA9540824D58837000172B3 /* ViewControllers */ = {
			isa = PBXGroup;
			children = (
				3D972CEE24D7319600E81751 /* MapViewController */,
				3D972CB824D6BA0D00E81751 /* Detail */,
				3D0518DF24D5FC6B000A1E5A /* Login */,
			);
			path = ViewControllers;
			sourceTree = "<group>";
		};
		3DA9540B24D58E8C000172B3 /* Manager */ = {
			isa = PBXGroup;
			children = (
				3DA9540C24D58EA4000172B3 /* SqliteDatabaseManager.swift */,
			);
			path = Manager;
			sourceTree = "<group>";
		};
		7E6A10BB5921EE490AFCB008 /* Pods */ = {
			isa = PBXGroup;
			children = (
				0A8123FA101DB089B1DC035B /* Pods-CarTrackCodeChallenge.debug.xcconfig */,
				E4504BF7DF602EB85CCC3D09 /* Pods-CarTrackCodeChallenge.release.xcconfig */,
				A244D96FC5150A17245DA8C6 /* Pods-CarTrackCodeChallengeTests.debug.xcconfig */,
				7013DA158B06AFC96BFBD567 /* Pods-CarTrackCodeChallengeTests.release.xcconfig */,
			);
			path = Pods;
			sourceTree = "<group>";
		};
		BF92CA1A159CD008F4B027C3 /* Frameworks */ = {
			isa = PBXGroup;
			children = (
				76C9348F4DD8A58662E0730C /* Pods_CarTrackCodeChallenge.framework */,
				7F20C64AF02822078ED66379 /* Pods_CarTrackCodeChallengeTests.framework */,
			);
			name = Frameworks;
			sourceTree = "<group>";
		};
/* End PBXGroup section */

/* Begin PBXNativeTarget section */
		3D0FA8CA24D55EE40023DB34 /* CarTrackCodeChallenge */ = {
			isa = PBXNativeTarget;
			buildConfigurationList = 3D0FA8EA24D55EE50023DB34 /* Build configuration list for PBXNativeTarget "CarTrackCodeChallenge" */;
			buildPhases = (
				F08068EF79C8329A644D661D /* [CP] Check Pods Manifest.lock */,
				3DA9524E24D55FD0000172B3 /* ShellScript */,
				3D0FA8C724D55EE40023DB34 /* Sources */,
				3D0FA8C824D55EE40023DB34 /* Frameworks */,
				3D0FA8C924D55EE40023DB34 /* Resources */,
				2071FB1BCD2A30AE0E17AD47 /* [CP] Embed Pods Frameworks */,
			);
			buildRules = (
			);
			dependencies = (
			);
			name = CarTrackCodeChallenge;
			productName = CarTrackCodeChallenge;
			productReference = 3D0FA8CB24D55EE40023DB34 /* CarTrackCodeChallenge.app */;
			productType = "com.apple.product-type.application";
		};
		3D0FA8E024D55EE50023DB34 /* CarTrackCodeChallengeTests */ = {
			isa = PBXNativeTarget;
			buildConfigurationList = 3D0FA8ED24D55EE50023DB34 /* Build configuration list for PBXNativeTarget "CarTrackCodeChallengeTests" */;
			buildPhases = (
				6DE012142E46B303CACEDF84 /* [CP] Check Pods Manifest.lock */,
				3D0FA8DD24D55EE50023DB34 /* Sources */,
				3D0FA8DE24D55EE50023DB34 /* Frameworks */,
				3D0FA8DF24D55EE50023DB34 /* Resources */,
				4139DA2B2CE8B4ABE3149D14 /* [CP] Embed Pods Frameworks */,
			);
			buildRules = (
			);
			dependencies = (
				3D0FA8E324D55EE50023DB34 /* PBXTargetDependency */,
			);
			name = CarTrackCodeChallengeTests;
			productName = CarTrackCodeChallengeTests;
			productReference = 3D0FA8E124D55EE50023DB34 /* CarTrackCodeChallengeTests.xctest */;
			productType = "com.apple.product-type.bundle.unit-test";
		};
/* End PBXNativeTarget section */

/* Begin PBXProject section */
		3D0FA8C324D55EE40023DB34 /* Project object */ = {
			isa = PBXProject;
			attributes = {
				LastSwiftUpdateCheck = 1140;
				LastUpgradeCheck = 1140;
				ORGANIZATIONNAME = vic;
				TargetAttributes = {
					3D0FA8CA24D55EE40023DB34 = {
						CreatedOnToolsVersion = 11.4.1;
					};
					3D0FA8E024D55EE50023DB34 = {
						CreatedOnToolsVersion = 11.4.1;
						TestTargetID = 3D0FA8CA24D55EE40023DB34;
					};
				};
			};
			buildConfigurationList = 3D0FA8C624D55EE40023DB34 /* Build configuration list for PBXProject "CarTrackCodeChallenge" */;
			compatibilityVersion = "Xcode 9.3";
			developmentRegion = en;
			hasScannedForEncodings = 0;
			knownRegions = (
				en,
				Base,
			);
			mainGroup = 3D0FA8C224D55EE40023DB34;
			productRefGroup = 3D0FA8CC24D55EE40023DB34 /* Products */;
			projectDirPath = "";
			projectRoot = "";
			targets = (
				3D0FA8CA24D55EE40023DB34 /* CarTrackCodeChallenge */,
				3D0FA8E024D55EE50023DB34 /* CarTrackCodeChallengeTests */,
			);
		};
/* End PBXProject section */

/* Begin PBXResourcesBuildPhase section */
		3D0FA8C924D55EE40023DB34 /* Resources */ = {
			isa = PBXResourcesBuildPhase;
			buildActionMask = 2147483647;
			files = (
				3D1B66C124D5F8890040B5FE /* FloatingPlaceholderTextfieldView.xib in Resources */,
				3D972CDF24D722BC00E81751 /* UserDetailTableViewCell.xib in Resources */,
				3D972CF624D7344D00E81751 /* VisualEffectBackgroundButtonView.xib in Resources */,
				3D1B66C824D5F8890040B5FE /* FloatingPasswordPlaceholderTextView.xib in Resources */,
				3D0FA8DB24D55EE50023DB34 /* LaunchScreen.storyboard in Resources */,
				3D0FA8D824D55EE50023DB34 /* Assets.xcassets in Resources */,
				3D84FE9024D5CB520088C33B /* DefaultUsers.plist in Resources */,
				3D0FA8D624D55EE40023DB34 /* Main.storyboard in Resources */,
				3DA9538224D585E1000172B3 /* BottomFadingPopupView.xib in Resources */,
			);
			runOnlyForDeploymentPostprocessing = 0;
		};
		3D0FA8DF24D55EE50023DB34 /* Resources */ = {
			isa = PBXResourcesBuildPhase;
			buildActionMask = 2147483647;
			files = (
			);
			runOnlyForDeploymentPostprocessing = 0;
		};
/* End PBXResourcesBuildPhase section */

/* Begin PBXShellScriptBuildPhase section */
		2071FB1BCD2A30AE0E17AD47 /* [CP] Embed Pods Frameworks */ = {
			isa = PBXShellScriptBuildPhase;
			buildActionMask = 2147483647;
			files = (
			);
			inputFileListPaths = (
				"${PODS_ROOT}/Target Support Files/Pods-CarTrackCodeChallenge/Pods-CarTrackCodeChallenge-frameworks-${CONFIGURATION}-input-files.xcfilelist",
			);
			name = "[CP] Embed Pods Frameworks";
			outputFileListPaths = (
				"${PODS_ROOT}/Target Support Files/Pods-CarTrackCodeChallenge/Pods-CarTrackCodeChallenge-frameworks-${CONFIGURATION}-output-files.xcfilelist",
			);
			runOnlyForDeploymentPostprocessing = 0;
			shellPath = /bin/sh;
			shellScript = "\"${PODS_ROOT}/Target Support Files/Pods-CarTrackCodeChallenge/Pods-CarTrackCodeChallenge-frameworks.sh\"\n";
			showEnvVarsInLog = 0;
		};
		3DA9524E24D55FD0000172B3 /* ShellScript */ = {
			isa = PBXShellScriptBuildPhase;
			buildActionMask = 2147483647;
			files = (
			);
			inputFileListPaths = (
			);
			inputPaths = (
				"$TEMP_DIR/rswift-lastrun",
			);
			outputFileListPaths = (
			);
			outputPaths = (
				"$SRCROOT/R.generated.swift",
			);
			runOnlyForDeploymentPostprocessing = 0;
			shellPath = /bin/sh;
			shellScript = "\"$PODS_ROOT/R.swift/rswift\" generate \"$SRCROOT/R.generated.swift\"\n";
		};
		4139DA2B2CE8B4ABE3149D14 /* [CP] Embed Pods Frameworks */ = {
			isa = PBXShellScriptBuildPhase;
			buildActionMask = 2147483647;
			files = (
			);
			inputFileListPaths = (
				"${PODS_ROOT}/Target Support Files/Pods-CarTrackCodeChallengeTests/Pods-CarTrackCodeChallengeTests-frameworks-${CONFIGURATION}-input-files.xcfilelist",
			);
			name = "[CP] Embed Pods Frameworks";
			outputFileListPaths = (
				"${PODS_ROOT}/Target Support Files/Pods-CarTrackCodeChallengeTests/Pods-CarTrackCodeChallengeTests-frameworks-${CONFIGURATION}-output-files.xcfilelist",
			);
			runOnlyForDeploymentPostprocessing = 0;
			shellPath = /bin/sh;
			shellScript = "\"${PODS_ROOT}/Target Support Files/Pods-CarTrackCodeChallengeTests/Pods-CarTrackCodeChallengeTests-frameworks.sh\"\n";
			showEnvVarsInLog = 0;
		};
		6DE012142E46B303CACEDF84 /* [CP] Check Pods Manifest.lock */ = {
			isa = PBXShellScriptBuildPhase;
			buildActionMask = 2147483647;
			files = (
			);
			inputFileListPaths = (
			);
			inputPaths = (
				"${PODS_PODFILE_DIR_PATH}/Podfile.lock",
				"${PODS_ROOT}/Manifest.lock",
			);
			name = "[CP] Check Pods Manifest.lock";
			outputFileListPaths = (
			);
			outputPaths = (
				"$(DERIVED_FILE_DIR)/Pods-CarTrackCodeChallengeTests-checkManifestLockResult.txt",
			);
			runOnlyForDeploymentPostprocessing = 0;
			shellPath = /bin/sh;
			shellScript = "diff \"${PODS_PODFILE_DIR_PATH}/Podfile.lock\" \"${PODS_ROOT}/Manifest.lock\" > /dev/null\nif [ $? != 0 ] ; then\n    # print error to STDERR\n    echo \"error: The sandbox is not in sync with the Podfile.lock. Run 'pod install' or update your CocoaPods installation.\" >&2\n    exit 1\nfi\n# This output is used by Xcode 'outputs' to avoid re-running this script phase.\necho \"SUCCESS\" > \"${SCRIPT_OUTPUT_FILE_0}\"\n";
			showEnvVarsInLog = 0;
		};
		F08068EF79C8329A644D661D /* [CP] Check Pods Manifest.lock */ = {
			isa = PBXShellScriptBuildPhase;
			buildActionMask = 2147483647;
			files = (
			);
			inputFileListPaths = (
			);
			inputPaths = (
				"${PODS_PODFILE_DIR_PATH}/Podfile.lock",
				"${PODS_ROOT}/Manifest.lock",
			);
			name = "[CP] Check Pods Manifest.lock";
			outputFileListPaths = (
			);
			outputPaths = (
				"$(DERIVED_FILE_DIR)/Pods-CarTrackCodeChallenge-checkManifestLockResult.txt",
			);
			runOnlyForDeploymentPostprocessing = 0;
			shellPath = /bin/sh;
			shellScript = "diff \"${PODS_PODFILE_DIR_PATH}/Podfile.lock\" \"${PODS_ROOT}/Manifest.lock\" > /dev/null\nif [ $? != 0 ] ; then\n    # print error to STDERR\n    echo \"error: The sandbox is not in sync with the Podfile.lock. Run 'pod install' or update your CocoaPods installation.\" >&2\n    exit 1\nfi\n# This output is used by Xcode 'outputs' to avoid re-running this script phase.\necho \"SUCCESS\" > \"${SCRIPT_OUTPUT_FILE_0}\"\n";
			showEnvVarsInLog = 0;
		};
/* End PBXShellScriptBuildPhase section */

/* Begin PBXSourcesBuildPhase section */
		3D0FA8C724D55EE40023DB34 /* Sources */ = {
			isa = PBXSourcesBuildPhase;
			buildActionMask = 2147483647;
			files = (
				3D972CD224D70AC200E81751 /* WebService.swift in Sources */,
				3D0518E524D601BC000A1E5A /* UIButton+RxHighlighted.swift in Sources */,
				3DA9529A24D58463000172B3 /* ResponderViewProtocol.swift in Sources */,
				3DA953F824D58757000172B3 /* UIImage+systemName.swift in Sources */,
				3DA9529D24D58463000172B3 /* InputObject.swift in Sources */,
				3DA952E224D58473000172B3 /* String+Alphanumerics.swift in Sources */,
				3DA952A124D58463000172B3 /* Animator.swift in Sources */,
				3D972CD424D70AC200E81751 /* ErrorResponse.swift in Sources */,
				3DDCE31124D73FF2006A259A /* Address+MKAnnotation.swift in Sources */,
				3D0518EE24D603E4000A1E5A /* CountryNumberPickerViewController.swift in Sources */,
				3D972CE624D7256300E81751 /* Address.swift in Sources */,
				3DA952FF24D58473000172B3 /* UIResponder+.swift in Sources */,
				3DA952A624D58463000172B3 /* PushTransition.swift in Sources */,
				3DA953FF24D587D0000172B3 /* UIColor+Gradient.swift in Sources */,
				3DA953F424D5870A000172B3 /* ViewCoderLoadable.swift in Sources */,
				3DA952F924D58473000172B3 /* Spinner.swift in Sources */,
				3D972CDD24D722A900E81751 /* UserDetailTableViewCell.swift in Sources */,
				3DA953F924D58757000172B3 /* UIImage+.swift in Sources */,
				3D972CF224D731BC00E81751 /* MapViewModel.swift in Sources */,
				3DA952A324D58463000172B3 /* Router.swift in Sources */,
				3D972CEB24D72D4D00E81751 /* TableViewHandler.swift in Sources */,
				3D0518FE24D60B81000A1E5A /* AppConstants.swift in Sources */,
				3D0FA8D324D55EE40023DB34 /* ViewController.swift in Sources */,
				3DA952FC24D58473000172B3 /* UIView+fade.swift in Sources */,
				3D0518E124D5FC7A000A1E5A /* LoginViewController.swift in Sources */,
				3DA9540024D587D0000172B3 /* RadialGradientView.swift in Sources */,
				3D972CC724D70A2E00E81751 /* TableViewControllerRxAnimatedDatasources.swift in Sources */,
				3D972CC924D70A2E00E81751 /* TableViewConfigurator.swift in Sources */,
				3DA952E424D58473000172B3 /* String+Phone.swift in Sources */,
				3DA9540124D587D0000172B3 /* RadialGradientNavigationBar.swift in Sources */,
				3DA952A224D58463000172B3 /* ModuleVC.swift in Sources */,
				3D05190724D60D05000A1E5A /* UITextfield+rx+twoWayBind.swift in Sources */,
				3D972CD524D70AC200E81751 /* TargetType+Configuration.swift in Sources */,
				3DA952A924D58463000172B3 /* SceneVC.swift in Sources */,
				3D972CD724D7130A00E81751 /* Codable+Any.swift in Sources */,
				3DA9529C24D58463000172B3 /* InputError.swift in Sources */,
				3DA952A524D58463000172B3 /* Transition.swift in Sources */,
				3DA952A824D58463000172B3 /* BaseViewModel.swift in Sources */,
				3DA9538124D585E1000172B3 /* BottomFadingPopupView.swift in Sources */,
				3DA953EF24D58675000172B3 /* UIView+EmptyView.swift in Sources */,
				3DA953E024D58675000172B3 /* ViewReusable.swift in Sources */,
				3DA9529924D58463000172B3 /* ResponderWrapper.swift in Sources */,
				3D972CBC24D6BA3E00E81751 /* DetailViewModel.swift in Sources */,
				3DA9540324D587EE000172B3 /* KeyboardVisibileAdjusterProtocol.swift in Sources */,
				3D972CD124D70AC200E81751 /* WebServiceError.swift in Sources */,
				3D972CD924D7140100E81751 /* DetailWebService.swift in Sources */,
				3DA952E024D58473000172B3 /* String+attributedBulletedText.swift in Sources */,
				3D0087F324D9D1C000618844 /* Company.swift in Sources */,
				3D972CD324D70AC200E81751 /* ResultResponse.swift in Sources */,
				3DA9538024D585E1000172B3 /* BottomFadingPopupViewModel.swift in Sources */,
				3D1B66C224D5F8890040B5FE /* FloatingPlaceholderTextfieldView.swift in Sources */,
				3DA952F824D58473000172B3 /* UIView+.swift in Sources */,
				3D972CE324D724C300E81751 /* UserDetail.swift in Sources */,
				3D0518EF24D603E4000A1E5A /* CountryCodePickerViewController.swift in Sources */,
				3D0518F924D60AE3000A1E5A /* UIButton+enabledColorBinder.swift in Sources */,
				3D972CBE24D6BAD100E81751 /* DetailSectionModel.swift in Sources */,
				3D1B66C724D5F8890040B5FE /* FloatingPasswordPlaceholderTextView.swift in Sources */,
				3D972CCA24D70A2E00E81751 /* UIRefreshControl+.swift in Sources */,
				3D972CF024D731A400E81751 /* MapViewController.swift in Sources */,
				3D972CF724D7344D00E81751 /* VisualEffectBackgroundButtonView.swift in Sources */,
				3DA952A724D58463000172B3 /* BaseViewController.swift in Sources */,
				3DA952E124D58473000172B3 /* String+Utilities.swift in Sources */,
				3DA953EE24D58675000172B3 /* EmptyViewType.swift in Sources */,
				3DA9540A24D58845000172B3 /* MainScene.swift in Sources */,
				3D0FA8CF24D55EE40023DB34 /* AppDelegate.swift in Sources */,
				3D0518E324D5FC8F000A1E5A /* LoginViewModel.swift in Sources */,
				3DA952FB24D58473000172B3 /* UIView+Rx.swift in Sources */,
				3DA952FA24D58473000172B3 /* UIViewExtension.swift in Sources */,
				3DA952E324D58473000172B3 /* String+Substring.swift in Sources */,
				3D972CBA24D6BA2A00E81751 /* DetailViewController.swift in Sources */,
				3DA9540524D58809000172B3 /* UIScrollView+.swift in Sources */,
				3D972CC124D7093700E81751 /* ItemModelProtocol.swift in Sources */,
				3D972CDB24D71BB000E81751 /* DetailAPI.swift in Sources */,
				3DA9529824D58463000172B3 /* TableViewCellResponderWrapper.swift in Sources */,
				3D0FA8D124D55EE40023DB34 /* SceneDelegate.swift in Sources */,
				3DA9529B24D58463000172B3 /* ResponderViewHandler.swift in Sources */,
				3DA952E524D58473000172B3 /* String + Extension.swift in Sources */,
				3D972CC824D70A2E00E81751 /* UITableView+Reusable.swift in Sources */,
				3DA952A424D58463000172B3 /* ModalTransition.swift in Sources */,
				3DA9540D24D58EA4000172B3 /* SqliteDatabaseManager.swift in Sources */,
				3DA9525024D560DA000172B3 /* R.generated.swift in Sources */,
			);
			runOnlyForDeploymentPostprocessing = 0;
		};
		3D0FA8DD24D55EE50023DB34 /* Sources */ = {
			isa = PBXSourcesBuildPhase;
			buildActionMask = 2147483647;
			files = (
				3D0087F524D9F01600618844 /* LoginViewModelTests.swift in Sources */,
				3D0FA8E624D55EE50023DB34 /* CarTrackCodeChallengeTests.swift in Sources */,
			);
			runOnlyForDeploymentPostprocessing = 0;
		};
/* End PBXSourcesBuildPhase section */

/* Begin PBXTargetDependency section */
		3D0FA8E324D55EE50023DB34 /* PBXTargetDependency */ = {
			isa = PBXTargetDependency;
			target = 3D0FA8CA24D55EE40023DB34 /* CarTrackCodeChallenge */;
			targetProxy = 3D0FA8E224D55EE50023DB34 /* PBXContainerItemProxy */;
		};
/* End PBXTargetDependency section */

/* Begin PBXVariantGroup section */
		3D0FA8D424D55EE40023DB34 /* Main.storyboard */ = {
			isa = PBXVariantGroup;
			children = (
				3D0FA8D524D55EE40023DB34 /* Base */,
			);
			name = Main.storyboard;
			sourceTree = "<group>";
		};
		3D0FA8D924D55EE50023DB34 /* LaunchScreen.storyboard */ = {
			isa = PBXVariantGroup;
			children = (
				3D0FA8DA24D55EE50023DB34 /* Base */,
			);
			name = LaunchScreen.storyboard;
			sourceTree = "<group>";
		};
/* End PBXVariantGroup section */

/* Begin XCBuildConfiguration section */
		3D0FA8E824D55EE50023DB34 /* Debug */ = {
			isa = XCBuildConfiguration;
			buildSettings = {
				ALWAYS_SEARCH_USER_PATHS = NO;
				CLANG_ANALYZER_NONNULL = YES;
				CLANG_ANALYZER_NUMBER_OBJECT_CONVERSION = YES_AGGRESSIVE;
				CLANG_CXX_LANGUAGE_STANDARD = "gnu++14";
				CLANG_CXX_LIBRARY = "libc++";
				CLANG_ENABLE_MODULES = YES;
				CLANG_ENABLE_OBJC_ARC = YES;
				CLANG_ENABLE_OBJC_WEAK = YES;
				CLANG_WARN_BLOCK_CAPTURE_AUTORELEASING = YES;
				CLANG_WARN_BOOL_CONVERSION = YES;
				CLANG_WARN_COMMA = YES;
				CLANG_WARN_CONSTANT_CONVERSION = YES;
				CLANG_WARN_DEPRECATED_OBJC_IMPLEMENTATIONS = YES;
				CLANG_WARN_DIRECT_OBJC_ISA_USAGE = YES_ERROR;
				CLANG_WARN_DOCUMENTATION_COMMENTS = YES;
				CLANG_WARN_EMPTY_BODY = YES;
				CLANG_WARN_ENUM_CONVERSION = YES;
				CLANG_WARN_INFINITE_RECURSION = YES;
				CLANG_WARN_INT_CONVERSION = YES;
				CLANG_WARN_NON_LITERAL_NULL_CONVERSION = YES;
				CLANG_WARN_OBJC_IMPLICIT_RETAIN_SELF = YES;
				CLANG_WARN_OBJC_LITERAL_CONVERSION = YES;
				CLANG_WARN_OBJC_ROOT_CLASS = YES_ERROR;
				CLANG_WARN_RANGE_LOOP_ANALYSIS = YES;
				CLANG_WARN_STRICT_PROTOTYPES = YES;
				CLANG_WARN_SUSPICIOUS_MOVE = YES;
				CLANG_WARN_UNGUARDED_AVAILABILITY = YES_AGGRESSIVE;
				CLANG_WARN_UNREACHABLE_CODE = YES;
				CLANG_WARN__DUPLICATE_METHOD_MATCH = YES;
				COPY_PHASE_STRIP = NO;
				DEBUG_INFORMATION_FORMAT = dwarf;
				ENABLE_STRICT_OBJC_MSGSEND = YES;
				ENABLE_TESTABILITY = YES;
				GCC_C_LANGUAGE_STANDARD = gnu11;
				GCC_DYNAMIC_NO_PIC = NO;
				GCC_NO_COMMON_BLOCKS = YES;
				GCC_OPTIMIZATION_LEVEL = 0;
				GCC_PREPROCESSOR_DEFINITIONS = (
					"DEBUG=1",
					"$(inherited)",
				);
				GCC_WARN_64_TO_32_BIT_CONVERSION = YES;
				GCC_WARN_ABOUT_RETURN_TYPE = YES_ERROR;
				GCC_WARN_UNDECLARED_SELECTOR = YES;
				GCC_WARN_UNINITIALIZED_AUTOS = YES_AGGRESSIVE;
				GCC_WARN_UNUSED_FUNCTION = YES;
				GCC_WARN_UNUSED_VARIABLE = YES;
				IPHONEOS_DEPLOYMENT_TARGET = 13.4;
				MTL_ENABLE_DEBUG_INFO = INCLUDE_SOURCE;
				MTL_FAST_MATH = YES;
				ONLY_ACTIVE_ARCH = YES;
				SDKROOT = iphoneos;
				SWIFT_ACTIVE_COMPILATION_CONDITIONS = DEBUG;
				SWIFT_OPTIMIZATION_LEVEL = "-Onone";
			};
			name = Debug;
		};
		3D0FA8E924D55EE50023DB34 /* Release */ = {
			isa = XCBuildConfiguration;
			buildSettings = {
				ALWAYS_SEARCH_USER_PATHS = NO;
				CLANG_ANALYZER_NONNULL = YES;
				CLANG_ANALYZER_NUMBER_OBJECT_CONVERSION = YES_AGGRESSIVE;
				CLANG_CXX_LANGUAGE_STANDARD = "gnu++14";
				CLANG_CXX_LIBRARY = "libc++";
				CLANG_ENABLE_MODULES = YES;
				CLANG_ENABLE_OBJC_ARC = YES;
				CLANG_ENABLE_OBJC_WEAK = YES;
				CLANG_WARN_BLOCK_CAPTURE_AUTORELEASING = YES;
				CLANG_WARN_BOOL_CONVERSION = YES;
				CLANG_WARN_COMMA = YES;
				CLANG_WARN_CONSTANT_CONVERSION = YES;
				CLANG_WARN_DEPRECATED_OBJC_IMPLEMENTATIONS = YES;
				CLANG_WARN_DIRECT_OBJC_ISA_USAGE = YES_ERROR;
				CLANG_WARN_DOCUMENTATION_COMMENTS = YES;
				CLANG_WARN_EMPTY_BODY = YES;
				CLANG_WARN_ENUM_CONVERSION = YES;
				CLANG_WARN_INFINITE_RECURSION = YES;
				CLANG_WARN_INT_CONVERSION = YES;
				CLANG_WARN_NON_LITERAL_NULL_CONVERSION = YES;
				CLANG_WARN_OBJC_IMPLICIT_RETAIN_SELF = YES;
				CLANG_WARN_OBJC_LITERAL_CONVERSION = YES;
				CLANG_WARN_OBJC_ROOT_CLASS = YES_ERROR;
				CLANG_WARN_RANGE_LOOP_ANALYSIS = YES;
				CLANG_WARN_STRICT_PROTOTYPES = YES;
				CLANG_WARN_SUSPICIOUS_MOVE = YES;
				CLANG_WARN_UNGUARDED_AVAILABILITY = YES_AGGRESSIVE;
				CLANG_WARN_UNREACHABLE_CODE = YES;
				CLANG_WARN__DUPLICATE_METHOD_MATCH = YES;
				COPY_PHASE_STRIP = NO;
				DEBUG_INFORMATION_FORMAT = "dwarf-with-dsym";
				ENABLE_NS_ASSERTIONS = NO;
				ENABLE_STRICT_OBJC_MSGSEND = YES;
				GCC_C_LANGUAGE_STANDARD = gnu11;
				GCC_NO_COMMON_BLOCKS = YES;
				GCC_WARN_64_TO_32_BIT_CONVERSION = YES;
				GCC_WARN_ABOUT_RETURN_TYPE = YES_ERROR;
				GCC_WARN_UNDECLARED_SELECTOR = YES;
				GCC_WARN_UNINITIALIZED_AUTOS = YES_AGGRESSIVE;
				GCC_WARN_UNUSED_FUNCTION = YES;
				GCC_WARN_UNUSED_VARIABLE = YES;
				IPHONEOS_DEPLOYMENT_TARGET = 13.4;
				MTL_ENABLE_DEBUG_INFO = NO;
				MTL_FAST_MATH = YES;
				SDKROOT = iphoneos;
				SWIFT_COMPILATION_MODE = wholemodule;
				SWIFT_OPTIMIZATION_LEVEL = "-O";
				VALIDATE_PRODUCT = YES;
			};
			name = Release;
		};
		3D0FA8EB24D55EE50023DB34 /* Debug */ = {
			isa = XCBuildConfiguration;
			baseConfigurationReference = 0A8123FA101DB089B1DC035B /* Pods-CarTrackCodeChallenge.debug.xcconfig */;
			buildSettings = {
				ASSETCATALOG_COMPILER_APPICON_NAME = AppIcon;
				CODE_SIGN_STYLE = Automatic;
				DEVELOPMENT_TEAM = H6DY3ZK45W;
				INFOPLIST_FILE = CarTrackCodeChallenge/Info.plist;
				LD_RUNPATH_SEARCH_PATHS = (
					"$(inherited)",
					"@executable_path/Frameworks",
				);
				PRODUCT_BUNDLE_IDENTIFIER = vic.CarTrackCodeChallenge;
				PRODUCT_NAME = "$(TARGET_NAME)";
				SWIFT_VERSION = 5.0;
				TARGETED_DEVICE_FAMILY = "1,2";
			};
			name = Debug;
		};
		3D0FA8EC24D55EE50023DB34 /* Release */ = {
			isa = XCBuildConfiguration;
			baseConfigurationReference = E4504BF7DF602EB85CCC3D09 /* Pods-CarTrackCodeChallenge.release.xcconfig */;
			buildSettings = {
				ASSETCATALOG_COMPILER_APPICON_NAME = AppIcon;
				CODE_SIGN_STYLE = Automatic;
				DEVELOPMENT_TEAM = H6DY3ZK45W;
				INFOPLIST_FILE = CarTrackCodeChallenge/Info.plist;
				LD_RUNPATH_SEARCH_PATHS = (
					"$(inherited)",
					"@executable_path/Frameworks",
				);
				PRODUCT_BUNDLE_IDENTIFIER = vic.CarTrackCodeChallenge;
				PRODUCT_NAME = "$(TARGET_NAME)";
				SWIFT_VERSION = 5.0;
				TARGETED_DEVICE_FAMILY = "1,2";
			};
			name = Release;
		};
		3D0FA8EE24D55EE50023DB34 /* Debug */ = {
			isa = XCBuildConfiguration;
			baseConfigurationReference = A244D96FC5150A17245DA8C6 /* Pods-CarTrackCodeChallengeTests.debug.xcconfig */;
			buildSettings = {
				ALWAYS_EMBED_SWIFT_STANDARD_LIBRARIES = YES;
				BUNDLE_LOADER = "$(TEST_HOST)";
				CODE_SIGN_STYLE = Automatic;
				DEVELOPMENT_TEAM = H6DY3ZK45W;
				INFOPLIST_FILE = CarTrackCodeChallengeTests/Info.plist;
				IPHONEOS_DEPLOYMENT_TARGET = 13.4;
				LD_RUNPATH_SEARCH_PATHS = (
					"$(inherited)",
					"@executable_path/Frameworks",
					"@loader_path/Frameworks",
				);
				PRODUCT_BUNDLE_IDENTIFIER = vic.CarTrackCodeChallengeTests;
				PRODUCT_NAME = "$(TARGET_NAME)";
				SWIFT_VERSION = 5.0;
				TARGETED_DEVICE_FAMILY = "1,2";
				TEST_HOST = "$(BUILT_PRODUCTS_DIR)/CarTrackCodeChallenge.app/CarTrackCodeChallenge";
			};
			name = Debug;
		};
		3D0FA8EF24D55EE50023DB34 /* Release */ = {
			isa = XCBuildConfiguration;
			baseConfigurationReference = 7013DA158B06AFC96BFBD567 /* Pods-CarTrackCodeChallengeTests.release.xcconfig */;
			buildSettings = {
				ALWAYS_EMBED_SWIFT_STANDARD_LIBRARIES = YES;
				BUNDLE_LOADER = "$(TEST_HOST)";
				CODE_SIGN_STYLE = Automatic;
				DEVELOPMENT_TEAM = H6DY3ZK45W;
				INFOPLIST_FILE = CarTrackCodeChallengeTests/Info.plist;
				IPHONEOS_DEPLOYMENT_TARGET = 13.4;
				LD_RUNPATH_SEARCH_PATHS = (
					"$(inherited)",
					"@executable_path/Frameworks",
					"@loader_path/Frameworks",
				);
				PRODUCT_BUNDLE_IDENTIFIER = vic.CarTrackCodeChallengeTests;
				PRODUCT_NAME = "$(TARGET_NAME)";
				SWIFT_VERSION = 5.0;
				TARGETED_DEVICE_FAMILY = "1,2";
				TEST_HOST = "$(BUILT_PRODUCTS_DIR)/CarTrackCodeChallenge.app/CarTrackCodeChallenge";
			};
			name = Release;
		};
/* End XCBuildConfiguration section */

/* Begin XCConfigurationList section */
		3D0FA8C624D55EE40023DB34 /* Build configuration list for PBXProject "CarTrackCodeChallenge" */ = {
			isa = XCConfigurationList;
			buildConfigurations = (
				3D0FA8E824D55EE50023DB34 /* Debug */,
				3D0FA8E924D55EE50023DB34 /* Release */,
			);
			defaultConfigurationIsVisible = 0;
			defaultConfigurationName = Release;
		};
		3D0FA8EA24D55EE50023DB34 /* Build configuration list for PBXNativeTarget "CarTrackCodeChallenge" */ = {
			isa = XCConfigurationList;
			buildConfigurations = (
				3D0FA8EB24D55EE50023DB34 /* Debug */,
				3D0FA8EC24D55EE50023DB34 /* Release */,
			);
			defaultConfigurationIsVisible = 0;
			defaultConfigurationName = Release;
		};
		3D0FA8ED24D55EE50023DB34 /* Build configuration list for PBXNativeTarget "CarTrackCodeChallengeTests" */ = {
			isa = XCConfigurationList;
			buildConfigurations = (
				3D0FA8EE24D55EE50023DB34 /* Debug */,
				3D0FA8EF24D55EE50023DB34 /* Release */,
			);
			defaultConfigurationIsVisible = 0;
			defaultConfigurationName = Release;
		};
/* End XCConfigurationList section */
	};
	rootObject = 3D0FA8C324D55EE40023DB34 /* Project object */;
}
